
Microsoft Visual Studio Solution File, Format Version 12.00
# Visual Studio Version 17
VisualStudioVersion = 17.1.32210.238
MinimumVisualStudioVersion = 10.0.40219.1
Project("{9A19103F-16F7-4668-BE54-9A1E7A4F7556}") = "AccountApi", "Main\AccountApi\AccountApi.csproj", "{243549B3-8CB4-4809-ABBC-4FD7B0E1B4B7}"
EndProject
Project("{9A19103F-16F7-4668-BE54-9A1E7A4F7556}") = "AccountApi.Tests", "Tests\AccountApi.Tests\AccountApi.Tests.csproj", "{D2C8D0E3-1729-4D76-BCF3-EF3EE0ABEF24}"
EndProject
Global
	GlobalSection(SolutionConfigurationPlatforms) = preSolution
		Debug|Any CPU = Debug|Any CPU
		Release|Any CPU = Release|Any CPU
	EndGlobalSection
	GlobalSection(ProjectConfigurationPlatforms) = postSolution
		{243549B3-8CB4-4809-ABBC-4FD7B0E1B4B7}.Debug|Any CPU.ActiveCfg = Debug|Any CPU
		{243549B3-8CB4-4809-ABBC-4FD7B0E1B4B7}.Debug|Any CPU.Build.0 = Debug|Any CPU
		{243549B3-8CB4-4809-ABBC-4FD7B0E1B4B7}.Release|Any CPU.ActiveCfg = Release|Any CPU
		{243549B3-8CB4-4809-ABBC-4FD7B0E1B4B7}.Release|Any CPU.Build.0 = Release|Any CPU
		{D2C8D0E3-1729-4D76-BCF3-EF3EE0ABEF24}.Debug|Any CPU.ActiveCfg = Debug|Any CPU
		{D2C8D0E3-1729-4D76-BCF3-EF3EE0ABEF24}.Debug|Any CPU.Build.0 = Debug|Any CPU
		{D2C8D0E3-1729-4D76-BCF3-EF3EE0ABEF24}.Release|Any CPU.ActiveCfg = Release|Any CPU
		{D2C8D0E3-1729-4D76-BCF3-EF3EE0ABEF24}.Release|Any CPU.Build.0 = Release|Any CPU
	EndGlobalSection
	GlobalSection(SolutionProperties) = preSolution
		HideSolutionNode = FALSE
	EndGlobalSection
	GlobalSection(ExtensibilityGlobals) = postSolution
		SolutionGuid = {1F7ED882-EBF1-4A18-A4B4-86F8A5DCB5F4}
	EndGlobalSection
EndGlobal
